
Microsoft Visual Studio Solution File, Format Version 12.00
# Visual Studio 15
VisualStudioVersion = 15.0.28307.421
MinimumVisualStudioVersion = 10.0.40219.1
Project("{FAE04EC0-301F-11D3-BF4B-00C04F79EFBC}") = "SecondPart", "SecondPart\SecondPart.csproj", "{FEB20E44-908D-4614-A2EC-02FF396C681E}"
EndProject
Project("{FAE04EC0-301F-11D3-BF4B-00C04F79EFBC}") = "StudentRepository", "StudentRepository\StudentRepository.csproj", "{A665129F-0DF3-4671-891B-9591A60D84E7}"
EndProject
Project("{FAE04EC0-301F-11D3-BF4B-00C04F79EFBC}") = "StudentInfoSystem", "StudentInfoSystem\StudentInfoSystem.csproj", "{B48D7564-13C4-457D-B123-78323F16DCB4}"
EndProject
Global
	GlobalSection(SolutionConfigurationPlatforms) = preSolution
		Debug|Any CPU = Debug|Any CPU
		Release|Any CPU = Release|Any CPU
	EndGlobalSection
	GlobalSection(ProjectConfigurationPlatforms) = postSolution
		{FEB20E44-908D-4614-A2EC-02FF396C681E}.Debug|Any CPU.ActiveCfg = Debug|Any CPU
		{FEB20E44-908D-4614-A2EC-02FF396C681E}.Debug|Any CPU.Build.0 = Debug|Any CPU
		{FEB20E44-908D-4614-A2EC-02FF396C681E}.Release|Any CPU.ActiveCfg = Release|Any CPU
		{FEB20E44-908D-4614-A2EC-02FF396C681E}.Release|Any CPU.Build.0 = Release|Any CPU
		{A665129F-0DF3-4671-891B-9591A60D84E7}.Debug|Any CPU.ActiveCfg = Debug|Any CPU
		{A665129F-0DF3-4671-891B-9591A60D84E7}.Debug|Any CPU.Build.0 = Debug|Any CPU
		{A665129F-0DF3-4671-891B-9591A60D84E7}.Release|Any CPU.ActiveCfg = Release|Any CPU
		{A665129F-0DF3-4671-891B-9591A60D84E7}.Release|Any CPU.Build.0 = Release|Any CPU
		{B48D7564-13C4-457D-B123-78323F16DCB4}.Debug|Any CPU.ActiveCfg = Debug|Any CPU
		{B48D7564-13C4-457D-B123-78323F16DCB4}.Debug|Any CPU.Build.0 = Debug|Any CPU
		{B48D7564-13C4-457D-B123-78323F16DCB4}.Release|Any CPU.ActiveCfg = Release|Any CPU
		{B48D7564-13C4-457D-B123-78323F16DCB4}.Release|Any CPU.Build.0 = Release|Any CPU
	EndGlobalSection
	GlobalSection(SolutionProperties) = preSolution
		HideSolutionNode = FALSE
	EndGlobalSection
	GlobalSection(ExtensibilityGlobals) = postSolution
		SolutionGuid = {93315261-FCCC-47A4-A721-F9BFB852292D}
	EndGlobalSection
EndGlobal
